
Microsoft Visual Studio Solution File, Format Version 10.00
# Visual Studio 2008
Project("{8BC9CEB8-8B4A-11D0-8D11-00A0C91BC942}") = "SVM_Train", "SVM_Train\SVM_Train.vcproj", "{2153A296-A228-4C64-9A97-0AD94E4CA926}"
EndProject
Global
	GlobalSection(SolutionConfigurationPlatforms) = preSolution
		Debug|Win32 = Debug|Win32
		Release|Win32 = Release|Win32
	EndGlobalSection
	GlobalSection(ProjectConfigurationPlatforms) = postSolution
		{2153A296-A228-4C64-9A97-0AD94E4CA926}.Debug|Win32.ActiveCfg = Debug|Win32
		{2153A296-A228-4C64-9A97-0AD94E4CA926}.Debug|Win32.Build.0 = Debug|Win32
		{2153A296-A228-4C64-9A97-0AD94E4CA926}.Release|Win32.ActiveCfg = Release|Win32
		{2153A296-A228-4C64-9A97-0AD94E4CA926}.Release|Win32.Build.0 = Release|Win32
	EndGlobalSection
	GlobalSection(SolutionProperties) = preSolution
		HideSolutionNode = FALSE
	EndGlobalSection
EndGlobal
