
Microsoft Visual Studio Solution File, Format Version 11.00
# Visual Studio 2010
Project("{8BC9CEB8-8B4A-11D0-8D11-00A0C91BC942}") = "ClassifyColors", "ClassifyColors\ClassifyColors.vcxproj", "{321B27EF-5171-4855-B388-1D8BDDF22096}"
EndProject
Project("{8BC9CEB8-8B4A-11D0-8D11-00A0C91BC942}") = "FaceRecognition", "FaceRecognition\FaceRecognition.vcxproj", "{89C20FA0-D754-4C25-A24C-F2DFAFF6DEEB}"
EndProject
Project("{8BC9CEB8-8B4A-11D0-8D11-00A0C91BC942}") = "SVM_Sample", "SVM_Sample\SVM_Sample.vcxproj", "{F6A75518-0C55-4804-B671-3EA2B73DCEC4}"
EndProject
Project("{8BC9CEB8-8B4A-11D0-8D11-00A0C91BC942}") = "SVM_Sample_2", "SVM_Sample_2\SVM_Sample_2.vcxproj", "{2E1A5045-BE17-4322-8CEF-5F37EF2EB979}"
EndProject
Project("{8BC9CEB8-8B4A-11D0-8D11-00A0C91BC942}") = "SVM_Train", "SVM_Train\SVM_Train.vcxproj", "{6F994002-043B-4C1F-89AB-219C85744C1D}"
EndProject
Global
	GlobalSection(SolutionConfigurationPlatforms) = preSolution
		Debug|Win32 = Debug|Win32
		Debug|x64 = Debug|x64
		Release|Win32 = Release|Win32
		Release|x64 = Release|x64
	EndGlobalSection
	GlobalSection(ProjectConfigurationPlatforms) = postSolution
		{321B27EF-5171-4855-B388-1D8BDDF22096}.Debug|Win32.ActiveCfg = Debug|Win32
		{321B27EF-5171-4855-B388-1D8BDDF22096}.Debug|Win32.Build.0 = Debug|Win32
		{321B27EF-5171-4855-B388-1D8BDDF22096}.Debug|x64.ActiveCfg = Debug|x64
		{321B27EF-5171-4855-B388-1D8BDDF22096}.Debug|x64.Build.0 = Debug|x64
		{321B27EF-5171-4855-B388-1D8BDDF22096}.Release|Win32.ActiveCfg = Release|Win32
		{321B27EF-5171-4855-B388-1D8BDDF22096}.Release|Win32.Build.0 = Release|Win32
		{321B27EF-5171-4855-B388-1D8BDDF22096}.Release|x64.ActiveCfg = Release|x64
		{321B27EF-5171-4855-B388-1D8BDDF22096}.Release|x64.Build.0 = Release|x64
		{89C20FA0-D754-4C25-A24C-F2DFAFF6DEEB}.Debug|Win32.ActiveCfg = Debug|Win32
		{89C20FA0-D754-4C25-A24C-F2DFAFF6DEEB}.Debug|Win32.Build.0 = Debug|Win32
		{89C20FA0-D754-4C25-A24C-F2DFAFF6DEEB}.Debug|x64.ActiveCfg = Debug|x64
		{89C20FA0-D754-4C25-A24C-F2DFAFF6DEEB}.Debug|x64.Build.0 = Debug|x64
		{89C20FA0-D754-4C25-A24C-F2DFAFF6DEEB}.Release|Win32.ActiveCfg = Release|Win32
		{89C20FA0-D754-4C25-A24C-F2DFAFF6DEEB}.Release|Win32.Build.0 = Release|Win32
		{89C20FA0-D754-4C25-A24C-F2DFAFF6DEEB}.Release|x64.ActiveCfg = Release|x64
		{89C20FA0-D754-4C25-A24C-F2DFAFF6DEEB}.Release|x64.Build.0 = Release|x64
		{F6A75518-0C55-4804-B671-3EA2B73DCEC4}.Debug|Win32.ActiveCfg = Debug|Win32
		{F6A75518-0C55-4804-B671-3EA2B73DCEC4}.Debug|Win32.Build.0 = Debug|Win32
		{F6A75518-0C55-4804-B671-3EA2B73DCEC4}.Debug|x64.ActiveCfg = Debug|x64
		{F6A75518-0C55-4804-B671-3EA2B73DCEC4}.Debug|x64.Build.0 = Debug|x64
		{F6A75518-0C55-4804-B671-3EA2B73DCEC4}.Release|Win32.ActiveCfg = Release|Win32
		{F6A75518-0C55-4804-B671-3EA2B73DCEC4}.Release|Win32.Build.0 = Release|Win32
		{F6A75518-0C55-4804-B671-3EA2B73DCEC4}.Release|x64.ActiveCfg = Release|x64
		{F6A75518-0C55-4804-B671-3EA2B73DCEC4}.Release|x64.Build.0 = Release|x64
		{2E1A5045-BE17-4322-8CEF-5F37EF2EB979}.Debug|Win32.ActiveCfg = Debug|Win32
		{2E1A5045-BE17-4322-8CEF-5F37EF2EB979}.Debug|Win32.Build.0 = Debug|Win32
		{2E1A5045-BE17-4322-8CEF-5F37EF2EB979}.Debug|x64.ActiveCfg = Debug|x64
		{2E1A5045-BE17-4322-8CEF-5F37EF2EB979}.Debug|x64.Build.0 = Debug|x64
		{2E1A5045-BE17-4322-8CEF-5F37EF2EB979}.Release|Win32.ActiveCfg = Release|Win32
		{2E1A5045-BE17-4322-8CEF-5F37EF2EB979}.Release|Win32.Build.0 = Release|Win32
		{2E1A5045-BE17-4322-8CEF-5F37EF2EB979}.Release|x64.ActiveCfg = Release|x64
		{2E1A5045-BE17-4322-8CEF-5F37EF2EB979}.Release|x64.Build.0 = Release|x64
		{6F994002-043B-4C1F-89AB-219C85744C1D}.Debug|Win32.ActiveCfg = Debug|Win32
		{6F994002-043B-4C1F-89AB-219C85744C1D}.Debug|Win32.Build.0 = Debug|Win32
		{6F994002-043B-4C1F-89AB-219C85744C1D}.Debug|x64.ActiveCfg = Debug|x64
		{6F994002-043B-4C1F-89AB-219C85744C1D}.Debug|x64.Build.0 = Debug|x64
		{6F994002-043B-4C1F-89AB-219C85744C1D}.Release|Win32.ActiveCfg = Release|Win32
		{6F994002-043B-4C1F-89AB-219C85744C1D}.Release|Win32.Build.0 = Release|Win32
		{6F994002-043B-4C1F-89AB-219C85744C1D}.Release|x64.ActiveCfg = Release|x64
		{6F994002-043B-4C1F-89AB-219C85744C1D}.Release|x64.Build.0 = Release|x64
	EndGlobalSection
	GlobalSection(SolutionProperties) = preSolution
		HideSolutionNode = FALSE
	EndGlobalSection
EndGlobal
